
Microsoft Visual Studio Solution File, Format Version 10.00
# Visual Studio 2008
Project("{8BC9CEB8-8B4A-11D0-8D11-00A0C91BC942}") = "ReadDbDataDll", "ReadDbDataDll.vcproj", "{376BB1C0-FBEA-4070-A346-57AF6348E5DA}"
EndProject
Project("{8BC9CEB8-8B4A-11D0-8D11-00A0C91BC942}") = "DllCall", "..\DllCall\DllCall.vcproj", "{259DD7B3-B76C-4DAC-8ED2-BCAD7C0A5E40}"
EndProject
Global
	GlobalSection(SolutionConfigurationPlatforms) = preSolution
		Debug|Win32 = Debug|Win32
		Release|Win32 = Release|Win32
	EndGlobalSection
	GlobalSection(ProjectConfigurationPlatforms) = postSolution
		{376BB1C0-FBEA-4070-A346-57AF6348E5DA}.Debug|Win32.ActiveCfg = Debug|Win32
		{376BB1C0-FBEA-4070-A346-57AF6348E5DA}.Debug|Win32.Build.0 = Debug|Win32
		{376BB1C0-FBEA-4070-A346-57AF6348E5DA}.Release|Win32.ActiveCfg = Release|Win32
		{376BB1C0-FBEA-4070-A346-57AF6348E5DA}.Release|Win32.Build.0 = Release|Win32
		{259DD7B3-B76C-4DAC-8ED2-BCAD7C0A5E40}.Debug|Win32.ActiveCfg = Debug|Win32
		{259DD7B3-B76C-4DAC-8ED2-BCAD7C0A5E40}.Debug|Win32.Build.0 = Debug|Win32
		{259DD7B3-B76C-4DAC-8ED2-BCAD7C0A5E40}.Release|Win32.ActiveCfg = Release|Win32
		{259DD7B3-B76C-4DAC-8ED2-BCAD7C0A5E40}.Release|Win32.Build.0 = Release|Win32
	EndGlobalSection
	GlobalSection(SolutionProperties) = preSolution
		HideSolutionNode = FALSE
	EndGlobalSection
EndGlobal
